{
  "name": "bootstrap-show-modal",
  "version": "1.4.4",
  "lockfileVersion": 2,
  "requires": true,
  "packages": {
    "": {
      "name": "bootstrap-show-modal",
      "version": "1.4.4",
      "license": "MIT",
      "devDependencies": {
        "prismjs": "^1.25.0"
      }
    },
    "node_modules/prismjs": {
      "version": "1.25.0",
      "resolved": "https://registry.npmjs.org/prismjs/-/prismjs-1.25.0.tgz",
      "integrity": "sha512-WCjJHl1KEWbnkQom1+SzftbtXMKQoezOCYs5rECqMN+jP+apI7ftoflyqigqzopSO3hMhTEb0mFClA8lkolgEg==",
      "dev": true
    }
  },
  "dependencies": {
    "prismjs": {
      "version": "1.25.0",
      "resolved": "https://registry.npmjs.org/prismjs/-/prismjs-1.25.0.tgz",
      "integrity": "sha512-WCjJHl1KEWbnkQom1+SzftbtXMKQoezOCYs5rECqMN+jP+apI7ftoflyqigqzopSO3hMhTEb0mFClA8lkolgEg==",
      "dev": true
    }
  }
}
